// !$*UTF8*$!
{
	archiveVersion = 1;
	classes = {
	};
	objectVersion = 48;
	objects = {

/* Begin PBXBuildFile section */
		D67EFF4C1FE20EA50020DD77 /* AppDelegate.swift in Sources */ = {isa = PBXBuildFile; fileRef = D67EFF4B1FE20EA50020DD77 /* AppDelegate.swift */; };
		D67EFF4E1FE20EA50020DD77 /* ViewController.swift in Sources */ = {isa = PBXBuildFile; fileRef = D67EFF4D1FE20EA50020DD77 /* ViewController.swift */; };
		D67EFF511FE20EA50020DD77 /* Main.storyboard in Resources */ = {isa = PBXBuildFile; fileRef = D67EFF4F1FE20EA50020DD77 /* Main.storyboard */; };
		D67EFF531FE20EA50020DD77 /* Assets.xcassets in Resources */ = {isa = PBXBuildFile; fileRef = D67EFF521FE20EA50020DD77 /* Assets.xcassets */; };
		D67EFF561FE20EA50020DD77 /* LaunchScreen.storyboard in Resources */ = {isa = PBXBuildFile; fileRef = D67EFF541FE20EA50020DD77 /* LaunchScreen.storyboard */; };
		D67EFF611FE20EA60020DD77 /* MBProgressHUDSwiftTests.swift in Sources */ = {isa = PBXBuildFile; fileRef = D67EFF601FE20EA60020DD77 /* MBProgressHUDSwiftTests.swift */; };
		D67EFF6C1FE20EA60020DD77 /* MBProgressHUDSwiftUITests.swift in Sources */ = {isa = PBXBuildFile; fileRef = D67EFF6B1FE20EA60020DD77 /* MBProgressHUDSwiftUITests.swift */; };
/* End PBXBuildFile section */

/* Begin PBXContainerItemProxy section */
		D67EFF5D1FE20EA60020DD77 /* PBXContainerItemProxy */ = {
			isa = PBXContainerItemProxy;
			containerPortal = D67EFF401FE20EA50020DD77 /* Project object */;
			proxyType = 1;
			remoteGlobalIDString = D67EFF471FE20EA50020DD77;
			remoteInfo = MBProgressHUDSwift;
		};
		D67EFF681FE20EA60020DD77 /* PBXContainerItemProxy */ = {
			isa = PBXContainerItemProxy;
			containerPortal = D67EFF401FE20EA50020DD77 /* Project object */;
			proxyType = 1;
			remoteGlobalIDString = D67EFF471FE20EA50020DD77;
			remoteInfo = MBProgressHUDSwift;
		};
/* End PBXContainerItemProxy section */

/* Begin PBXFileReference section */
		D67EFF481FE20EA50020DD77 /* MBProgressHUDSwift.app */ = {isa = PBXFileReference; explicitFileType = wrapper.application; includeInIndex = 0; path = MBProgressHUDSwift.app; sourceTree = BUILT_PRODUCTS_DIR; };
		D67EFF4B1FE20EA50020DD77 /* AppDelegate.swift */ = {isa = PBXFileReference; lastKnownFileType = sourcecode.swift; path = AppDelegate.swift; sourceTree = "<group>"; };
		D67EFF4D1FE20EA50020DD77 /* ViewController.swift */ = {isa = PBXFileReference; lastKnownFileType = sourcecode.swift; path = ViewController.swift; sourceTree = "<group>"; };
		D67EFF501FE20EA50020DD77 /* Base */ = {isa = PBXFileReference; lastKnownFileType = file.storyboard; name = Base; path = Base.lproj/Main.storyboard; sourceTree = "<group>"; };
		D67EFF521FE20EA50020DD77 /* Assets.xcassets */ = {isa = PBXFileReference; lastKnownFileType = folder.assetcatalog; path = Assets.xcassets; sourceTree = "<group>"; };
		D67EFF551FE20EA50020DD77 /* Base */ = {isa = PBXFileReference; lastKnownFileType = file.storyboard; name = Base; path = Base.lproj/LaunchScreen.storyboard; sourceTree = "<group>"; };
		D67EFF571FE20EA50020DD77 /* Info.plist */ = {isa = PBXFileReference; lastKnownFileType = text.plist.xml; path = Info.plist; sourceTree = "<group>"; };
		D67EFF5C1FE20EA60020DD77 /* MBProgressHUDSwiftTests.xctest */ = {isa = PBXFileReference; explicitFileType = wrapper.cfbundle; includeInIndex = 0; path = MBProgressHUDSwiftTests.xctest; sourceTree = BUILT_PRODUCTS_DIR; };
		D67EFF601FE20EA60020DD77 /* MBProgressHUDSwiftTests.swift */ = {isa = PBXFileReference; lastKnownFileType = sourcecode.swift; path = MBProgressHUDSwiftTests.swift; sourceTree = "<group>"; };
		D67EFF621FE20EA60020DD77 /* Info.plist */ = {isa = PBXFileReference; lastKnownFileType = text.plist.xml; path = Info.plist; sourceTree = "<group>"; };
		D67EFF671FE20EA60020DD77 /* MBProgressHUDSwiftUITests.xctest */ = {isa = PBXFileReference; explicitFileType = wrapper.cfbundle; includeInIndex = 0; path = MBProgressHUDSwiftUITests.xctest; sourceTree = BUILT_PRODUCTS_DIR; };
		D67EFF6B1FE20EA60020DD77 /* MBProgressHUDSwiftUITests.swift */ = {isa = PBXFileReference; lastKnownFileType = sourcecode.swift; path = MBProgressHUDSwiftUITests.swift; sourceTree = "<group>"; };
		D67EFF6D1FE20EA60020DD77 /* Info.plist */ = {isa = PBXFileReference; lastKnownFileType = text.plist.xml; path = Info.plist; sourceTree = "<group>"; };
/* End PBXFileReference section */

/* Begin PBXFrameworksBuildPhase section */
		D67EFF451FE20EA50020DD77 /* Frameworks */ = {
			isa = PBXFrameworksBuildPhase;
			buildActionMask = 2147483647;
			files = (
			);
			runOnlyForDeploymentPostprocessing = 0;
		};
		D67EFF591FE20EA60020DD77 /* Frameworks */ = {
			isa = PBXFrameworksBuildPhase;
			buildActionMask = 2147483647;
			files = (
			);
			runOnlyForDeploymentPostprocessing = 0;
		};
		D67EFF641FE20EA60020DD77 /* Frameworks */ = {
			isa = PBXFrameworksBuildPhase;
			buildActionMask = 2147483647;
			files = (
			);
			runOnlyForDeploymentPostprocessing = 0;
		};
/* End PBXFrameworksBuildPhase section */

/* Begin PBXGroup section */
		D67EFF3F1FE20EA50020DD77 = {
			isa = PBXGroup;
			children = (
				D67EFF4A1FE20EA50020DD77 /* MBProgressHUDSwift */,
				D67EFF5F1FE20EA60020DD77 /* MBProgressHUDSwiftTests */,
				D67EFF6A1FE20EA60020DD77 /* MBProgressHUDSwiftUITests */,
				D67EFF491FE20EA50020DD77 /* Products */,
			);
			sourceTree = "<group>";
		};
		D67EFF491FE20EA50020DD77 /* Products */ = {
			isa = PBXGroup;
			children = (
				D67EFF481FE20EA50020DD77 /* MBProgressHUDSwift.app */,
				D67EFF5C1FE20EA60020DD77 /* MBProgressHUDSwiftTests.xctest */,
				D67EFF671FE20EA60020DD77 /* MBProgressHUDSwiftUITests.xctest */,
			);
			name = Products;
			sourceTree = "<group>";
		};
		D67EFF4A1FE20EA50020DD77 /* MBProgressHUDSwift */ = {
			isa = PBXGroup;
			children = (
				D67EFF4B1FE20EA50020DD77 /* AppDelegate.swift */,
				D67EFF4D1FE20EA50020DD77 /* ViewController.swift */,
				D67EFF4F1FE20EA50020DD77 /* Main.storyboard */,
				D67EFF521FE20EA50020DD77 /* Assets.xcassets */,
				D67EFF541FE20EA50020DD77 /* LaunchScreen.storyboard */,
				D67EFF571FE20EA50020DD77 /* Info.plist */,
			);
			path = MBProgressHUDSwift;
			sourceTree = "<group>";
		};
		D67EFF5F1FE20EA60020DD77 /* MBProgressHUDSwiftTests */ = {
			isa = PBXGroup;
			children = (
				D67EFF601FE20EA60020DD77 /* MBProgressHUDSwiftTests.swift */,
				D67EFF621FE20EA60020DD77 /* Info.plist */,
			);
			path = MBProgressHUDSwiftTests;
			sourceTree = "<group>";
		};
		D67EFF6A1FE20EA60020DD77 /* MBProgressHUDSwiftUITests */ = {
			isa = PBXGroup;
			children = (
				D67EFF6B1FE20EA60020DD77 /* MBProgressHUDSwiftUITests.swift */,
				D67EFF6D1FE20EA60020DD77 /* Info.plist */,
			);
			path = MBProgressHUDSwiftUITests;
			sourceTree = "<group>";
		};
/* End PBXGroup section */

/* Begin PBXNativeTarget section */
		D67EFF471FE20EA50020DD77 /* MBProgressHUDSwift */ = {
			isa = PBXNativeTarget;
			buildConfigurationList = D67EFF701FE20EA60020DD77 /* Build configuration list for PBXNativeTarget "MBProgressHUDSwift" */;
			buildPhases = (
				D67EFF441FE20EA50020DD77 /* Sources */,
				D67EFF451FE20EA50020DD77 /* Frameworks */,
				D67EFF461FE20EA50020DD77 /* Resources */,
			);
			buildRules = (
			);
			dependencies = (
			);
			name = MBProgressHUDSwift;
			productName = MBProgressHUDSwift;
			productReference = D67EFF481FE20EA50020DD77 /* MBProgressHUDSwift.app */;
			productType = "com.apple.product-type.application";
		};
		D67EFF5B1FE20EA60020DD77 /* MBProgressHUDSwiftTests */ = {
			isa = PBXNativeTarget;
			buildConfigurationList = D67EFF731FE20EA60020DD77 /* Build configuration list for PBXNativeTarget "MBProgressHUDSwiftTests" */;
			buildPhases = (
				D67EFF581FE20EA60020DD77 /* Sources */,
				D67EFF591FE20EA60020DD77 /* Frameworks */,
				D67EFF5A1FE20EA60020DD77 /* Resources */,
			);
			buildRules = (
			);
			dependencies = (
				D67EFF5E1FE20EA60020DD77 /* PBXTargetDependency */,
			);
			name = MBProgressHUDSwiftTests;
			productName = MBProgressHUDSwiftTests;
			productReference = D67EFF5C1FE20EA60020DD77 /* MBProgressHUDSwiftTests.xctest */;
			productType = "com.apple.product-type.bundle.unit-test";
		};
		D67EFF661FE20EA60020DD77 /* MBProgressHUDSwiftUITests */ = {
			isa = PBXNativeTarget;
			buildConfigurationList = D67EFF761FE20EA60020DD77 /* Build configuration list for PBXNativeTarget "MBProgressHUDSwiftUITests" */;
			buildPhases = (
				D67EFF631FE20EA60020DD77 /* Sources */,
				D67EFF641FE20EA60020DD77 /* Frameworks */,
				D67EFF651FE20EA60020DD77 /* Resources */,
			);
			buildRules = (
			);
			dependencies = (
				D67EFF691FE20EA60020DD77 /* PBXTargetDependency */,
			);
			name = MBProgressHUDSwiftUITests;
			productName = MBProgressHUDSwiftUITests;
			productReference = D67EFF671FE20EA60020DD77 /* MBProgressHUDSwiftUITests.xctest */;
			productType = "com.apple.product-type.bundle.ui-testing";
		};
/* End PBXNativeTarget section */

/* Begin PBXProject section */
		D67EFF401FE20EA50020DD77 /* Project object */ = {
			isa = PBXProject;
			attributes = {
				LastSwiftUpdateCheck = 0920;
				LastUpgradeCheck = 0920;
				ORGANIZATIONNAME = "赵宏亚";
				TargetAttributes = {
					D67EFF471FE20EA50020DD77 = {
						CreatedOnToolsVersion = 9.2;
						ProvisioningStyle = Automatic;
					};
					D67EFF5B1FE20EA60020DD77 = {
						CreatedOnToolsVersion = 9.2;
						ProvisioningStyle = Automatic;
						TestTargetID = D67EFF471FE20EA50020DD77;
					};
					D67EFF661FE20EA60020DD77 = {
						CreatedOnToolsVersion = 9.2;
						ProvisioningStyle = Automatic;
						TestTargetID = D67EFF471FE20EA50020DD77;
					};
				};
			};
			buildConfigurationList = D67EFF431FE20EA50020DD77 /* Build configuration list for PBXProject "MBProgressHUDSwift" */;
			compatibilityVersion = "Xcode 8.0";
			developmentRegion = en;
			hasScannedForEncodings = 0;
			knownRegions = (
				en,
				Base,
			);
			mainGroup = D67EFF3F1FE20EA50020DD77;
			productRefGroup = D67EFF491FE20EA50020DD77 /* Products */;
			projectDirPath = "";
			projectRoot = "";
			targets = (
				D67EFF471FE20EA50020DD77 /* MBProgressHUDSwift */,
				D67EFF5B1FE20EA60020DD77 /* MBProgressHUDSwiftTests */,
				D67EFF661FE20EA60020DD77 /* MBProgressHUDSwiftUITests */,
			);
		};
/* End PBXProject section */

/* Begin PBXResourcesBuildPhase section */
		D67EFF461FE20EA50020DD77 /* Resources */ = {
			isa = PBXResourcesBuildPhase;
			buildActionMask = 2147483647;
			files = (
				D67EFF561FE20EA50020DD77 /* LaunchScreen.storyboard in Resources */,
				D67EFF531FE20EA50020DD77 /* Assets.xcassets in Resources */,
				D67EFF511FE20EA50020DD77 /* Main.storyboard in Resources */,
			);
			runOnlyForDeploymentPostprocessing = 0;
		};
		D67EFF5A1FE20EA60020DD77 /* Resources */ = {
			isa = PBXResourcesBuildPhase;
			buildActionMask = 2147483647;
			files = (
			);
			runOnlyForDeploymentPostprocessing = 0;
		};
		D67EFF651FE20EA60020DD77 /* Resources */ = {
			isa = PBXResourcesBuildPhase;
			buildActionMask = 2147483647;
			files = (
			);
			runOnlyForDeploymentPostprocessing = 0;
		};
/* End PBXResourcesBuildPhase section */

/* Begin PBXSourcesBuildPhase section */
		D67EFF441FE20EA50020DD77 /* Sources */ = {
			isa = PBXSourcesBuildPhase;
			buildActionMask = 2147483647;
			files = (
				D67EFF4E1FE20EA50020DD77 /* ViewController.swift in Sources */,
				D67EFF4C1FE20EA50020DD77 /* AppDelegate.swift in Sources */,
			);
			runOnlyForDeploymentPostprocessing = 0;
		};
		D67EFF581FE20EA60020DD77 /* Sources */ = {
			isa = PBXSourcesBuildPhase;
			buildActionMask = 2147483647;
			files = (
				D67EFF611FE20EA60020DD77 /* MBProgressHUDSwiftTests.swift in Sources */,
			);
			runOnlyForDeploymentPostprocessing = 0;
		};
		D67EFF631FE20EA60020DD77 /* Sources */ = {
			isa = PBXSourcesBuildPhase;
			buildActionMask = 2147483647;
			files = (
				D67EFF6C1FE20EA60020DD77 /* MBProgressHUDSwiftUITests.swift in Sources */,
			);
			runOnlyForDeploymentPostprocessing = 0;
		};
/* End PBXSourcesBuildPhase section */

/* Begin PBXTargetDependency section */
		D67EFF5E1FE20EA60020DD77 /* PBXTargetDependency */ = {
			isa = PBXTargetDependency;
			target = D67EFF471FE20EA50020DD77 /* MBProgressHUDSwift */;
			targetProxy = D67EFF5D1FE20EA60020DD77 /* PBXContainerItemProxy */;
		};
		D67EFF691FE20EA60020DD77 /* PBXTargetDependency */ = {
			isa = PBXTargetDependency;
			target = D67EFF471FE20EA50020DD77 /* MBProgressHUDSwift */;
			targetProxy = D67EFF681FE20EA60020DD77 /* PBXContainerItemProxy */;
		};
/* End PBXTargetDependency section */

/* Begin PBXVariantGroup section */
		D67EFF4F1FE20EA50020DD77 /* Main.storyboard */ = {
			isa = PBXVariantGroup;
			children = (
				D67EFF501FE20EA50020DD77 /* Base */,
			);
			name = Main.storyboard;
			sourceTree = "<group>";
		};
		D67EFF541FE20EA50020DD77 /* LaunchScreen.storyboard */ = {
			isa = PBXVariantGroup;
			children = (
				D67EFF551FE20EA50020DD77 /* Base */,
			);
			name = LaunchScreen.storyboard;
			sourceTree = "<group>";
		};
/* End PBXVariantGroup section */

/* Begin XCBuildConfiguration section */
		D67EFF6E1FE20EA60020DD77 /* Debug */ = {
			isa = XCBuildConfiguration;
			buildSettings = {
				ALWAYS_SEARCH_USER_PATHS = NO;
				CLANG_ANALYZER_NONNULL = YES;
				CLANG_ANALYZER_NUMBER_OBJECT_CONVERSION = YES_AGGRESSIVE;
				CLANG_CXX_LANGUAGE_STANDARD = "gnu++14";
				CLANG_CXX_LIBRARY = "libc++";
				CLANG_ENABLE_MODULES = YES;
				CLANG_ENABLE_OBJC_ARC = YES;
				CLANG_WARN_BLOCK_CAPTURE_AUTORELEASING = YES;
				CLANG_WARN_BOOL_CONVERSION = YES;
				CLANG_WARN_COMMA = YES;
				CLANG_WARN_CONSTANT_CONVERSION = YES;
				CLANG_WARN_DIRECT_OBJC_ISA_USAGE = YES_ERROR;
				CLANG_WARN_DOCUMENTATION_COMMENTS = YES;
				CLANG_WARN_EMPTY_BODY = YES;
				CLANG_WARN_ENUM_CONVERSION = YES;
				CLANG_WARN_INFINITE_RECURSION = YES;
				CLANG_WARN_INT_CONVERSION = YES;
				CLANG_WARN_NON_LITERAL_NULL_CONVERSION = YES;
				CLANG_WARN_OBJC_LITERAL_CONVERSION = YES;
				CLANG_WARN_OBJC_ROOT_CLASS = YES_ERROR;
				CLANG_WARN_RANGE_LOOP_ANALYSIS = YES;
				CLANG_WARN_STRICT_PROTOTYPES = YES;
				CLANG_WARN_SUSPICIOUS_MOVE = YES;
				CLANG_WARN_UNGUARDED_AVAILABILITY = YES_AGGRESSIVE;
				CLANG_WARN_UNREACHABLE_CODE = YES;
				CLANG_WARN__DUPLICATE_METHOD_MATCH = YES;
				CODE_SIGN_IDENTITY = "iPhone Developer";
				COPY_PHASE_STRIP = NO;
				DEBUG_INFORMATION_FORMAT = dwarf;
				ENABLE_STRICT_OBJC_MSGSEND = YES;
				ENABLE_TESTABILITY = YES;
				GCC_C_LANGUAGE_STANDARD = gnu11;
				GCC_DYNAMIC_NO_PIC = NO;
				GCC_NO_COMMON_BLOCKS = YES;
				GCC_OPTIMIZATION_LEVEL = 0;
				GCC_PREPROCESSOR_DEFINITIONS = (
					"DEBUG=1",
					"$(inherited)",
				);
				GCC_WARN_64_TO_32_BIT_CONVERSION = YES;
				GCC_WARN_ABOUT_RETURN_TYPE = YES_ERROR;
				GCC_WARN_UNDECLARED_SELECTOR = YES;
				GCC_WARN_UNINITIALIZED_AUTOS = YES_AGGRESSIVE;
				GCC_WARN_UNUSED_FUNCTION = YES;
				GCC_WARN_UNUSED_VARIABLE = YES;
				IPHONEOS_DEPLOYMENT_TARGET = 11.2;
				MTL_ENABLE_DEBUG_INFO = YES;
				ONLY_ACTIVE_ARCH = YES;
				SDKROOT = iphoneos;
				SWIFT_ACTIVE_COMPILATION_CONDITIONS = DEBUG;
				SWIFT_OPTIMIZATION_LEVEL = "-Onone";
			};
			name = Debug;
		};
		D67EFF6F1FE20EA60020DD77 /* Release */ = {
			isa = XCBuildConfiguration;
			buildSettings = {
				ALWAYS_SEARCH_USER_PATHS = NO;
				CLANG_ANALYZER_NONNULL = YES;
				CLANG_ANALYZER_NUMBER_OBJECT_CONVERSION = YES_AGGRESSIVE;
				CLANG_CXX_LANGUAGE_STANDARD = "gnu++14";
				CLANG_CXX_LIBRARY = "libc++";
				CLANG_ENABLE_MODULES = YES;
				CLANG_ENABLE_OBJC_ARC = YES;
				CLANG_WARN_BLOCK_CAPTURE_AUTORELEASING = YES;
				CLANG_WARN_BOOL_CONVERSION = YES;
				CLANG_WARN_COMMA = YES;
				CLANG_WARN_CONSTANT_CONVERSION = YES;
				CLANG_WARN_DIRECT_OBJC_ISA_USAGE = YES_ERROR;
				CLANG_WARN_DOCUMENTATION_COMMENTS = YES;
				CLANG_WARN_EMPTY_BODY = YES;
				CLANG_WARN_ENUM_CONVERSION = YES;
				CLANG_WARN_INFINITE_RECURSION = YES;
				CLANG_WARN_INT_CONVERSION = YES;
				CLANG_WARN_NON_LITERAL_NULL_CONVERSION = YES;
				CLANG_WARN_OBJC_LITERAL_CONVERSION = YES;
				CLANG_WARN_OBJC_ROOT_CLASS = YES_ERROR;
				CLANG_WARN_RANGE_LOOP_ANALYSIS = YES;
				CLANG_WARN_STRICT_PROTOTYPES = YES;
				CLANG_WARN_SUSPICIOUS_MOVE = YES;
				CLANG_WARN_UNGUARDED_AVAILABILITY = YES_AGGRESSIVE;
				CLANG_WARN_UNREACHABLE_CODE = YES;
				CLANG_WARN__DUPLICATE_METHOD_MATCH = YES;
				CODE_SIGN_IDENTITY = "iPhone Developer";
				COPY_PHASE_STRIP = NO;
				DEBUG_INFORMATION_FORMAT = "dwarf-with-dsym";
				ENABLE_NS_ASSERTIONS = NO;
				ENABLE_STRICT_OBJC_MSGSEND = YES;
				GCC_C_LANGUAGE_STANDARD = gnu11;
				GCC_NO_COMMON_BLOCKS = YES;
				GCC_WARN_64_TO_32_BIT_CONVERSION = YES;
				GCC_WARN_ABOUT_RETURN_TYPE = YES_ERROR;
				GCC_WARN_UNDECLARED_SELECTOR = YES;
				GCC_WARN_UNINITIALIZED_AUTOS = YES_AGGRESSIVE;
				GCC_WARN_UNUSED_FUNCTION = YES;
				GCC_WARN_UNUSED_VARIABLE = YES;
				IPHONEOS_DEPLOYMENT_TARGET = 11.2;
				MTL_ENABLE_DEBUG_INFO = NO;
				SDKROOT = iphoneos;
				SWIFT_OPTIMIZATION_LEVEL = "-Owholemodule";
				VALIDATE_PRODUCT = YES;
			};
			name = Release;
		};
		D67EFF711FE20EA60020DD77 /* Debug */ = {
			isa = XCBuildConfiguration;
			buildSettings = {
				ASSETCATALOG_COMPILER_APPICON_NAME = AppIcon;
				CODE_SIGN_STYLE = Automatic;
				DEVELOPMENT_TEAM = GM2EX5ALF4;
				INFOPLIST_FILE = MBProgressHUDSwift/Info.plist;
				LD_RUNPATH_SEARCH_PATHS = "$(inherited) @executable_path/Frameworks";
				PRODUCT_BUNDLE_IDENTIFIER = zhaohongya.MBProgressHUDSwift;
				PRODUCT_NAME = "$(TARGET_NAME)";
				SWIFT_VERSION = 4.0;
				TARGETED_DEVICE_FAMILY = "1,2";
			};
			name = Debug;
		};
		D67EFF721FE20EA60020DD77 /* Release */ = {
			isa = XCBuildConfiguration;
			buildSettings = {
				ASSETCATALOG_COMPILER_APPICON_NAME = AppIcon;
				CODE_SIGN_STYLE = Automatic;
				DEVELOPMENT_TEAM = GM2EX5ALF4;
				INFOPLIST_FILE = MBProgressHUDSwift/Info.plist;
				LD_RUNPATH_SEARCH_PATHS = "$(inherited) @executable_path/Frameworks";
				PRODUCT_BUNDLE_IDENTIFIER = zhaohongya.MBProgressHUDSwift;
				PRODUCT_NAME = "$(TARGET_NAME)";
				SWIFT_VERSION = 4.0;
				TARGETED_DEVICE_FAMILY = "1,2";
			};
			name = Release;
		};
		D67EFF741FE20EA60020DD77 /* Debug */ = {
			isa = XCBuildConfiguration;
			buildSettings = {
				ALWAYS_EMBED_SWIFT_STANDARD_LIBRARIES = YES;
				BUNDLE_LOADER = "$(TEST_HOST)";
				CODE_SIGN_STYLE = Automatic;
				DEVELOPMENT_TEAM = GM2EX5ALF4;
				INFOPLIST_FILE = MBProgressHUDSwiftTests/Info.plist;
				LD_RUNPATH_SEARCH_PATHS = "$(inherited) @executable_path/Frameworks @loader_path/Frameworks";
				PRODUCT_BUNDLE_IDENTIFIER = zhaohongya.MBProgressHUDSwiftTests;
				PRODUCT_NAME = "$(TARGET_NAME)";
				SWIFT_VERSION = 4.0;
				TARGETED_DEVICE_FAMILY = "1,2";
				TEST_HOST = "$(BUILT_PRODUCTS_DIR)/MBProgressHUDSwift.app/MBProgressHUDSwift";
			};
			name = Debug;
		};
		D67EFF751FE20EA60020DD77 /* Release */ = {
			isa = XCBuildConfiguration;
			buildSettings = {
				ALWAYS_EMBED_SWIFT_STANDARD_LIBRARIES = YES;
				BUNDLE_LOADER = "$(TEST_HOST)";
				CODE_SIGN_STYLE = Automatic;
				DEVELOPMENT_TEAM = GM2EX5ALF4;
				INFOPLIST_FILE = MBProgressHUDSwiftTests/Info.plist;
				LD_RUNPATH_SEARCH_PATHS = "$(inherited) @executable_path/Frameworks @loader_path/Frameworks";
				PRODUCT_BUNDLE_IDENTIFIER = zhaohongya.MBProgressHUDSwiftTests;
				PRODUCT_NAME = "$(TARGET_NAME)";
				SWIFT_VERSION = 4.0;
				TARGETED_DEVICE_FAMILY = "1,2";
				TEST_HOST = "$(BUILT_PRODUCTS_DIR)/MBProgressHUDSwift.app/MBProgressHUDSwift";
			};
			name = Release;
		};
		D67EFF771FE20EA60020DD77 /* Debug */ = {
			isa = XCBuildConfiguration;
			buildSettings = {
				ALWAYS_EMBED_SWIFT_STANDARD_LIBRARIES = YES;
				CODE_SIGN_STYLE = Automatic;
				DEVELOPMENT_TEAM = GM2EX5ALF4;
				INFOPLIST_FILE = MBProgressHUDSwiftUITests/Info.plist;
				LD_RUNPATH_SEARCH_PATHS = "$(inherited) @executable_path/Frameworks @loader_path/Frameworks";
				PRODUCT_BUNDLE_IDENTIFIER = zhaohongya.MBProgressHUDSwiftUITests;
				PRODUCT_NAME = "$(TARGET_NAME)";
				SWIFT_VERSION = 4.0;
				TARGETED_DEVICE_FAMILY = "1,2";
				TEST_TARGET_NAME = MBProgressHUDSwift;
			};
			name = Debug;
		};
		D67EFF781FE20EA60020DD77 /* Release */ = {
			isa = XCBuildConfiguration;
			buildSettings = {
				ALWAYS_EMBED_SWIFT_STANDARD_LIBRARIES = YES;
				CODE_SIGN_STYLE = Automatic;
				DEVELOPMENT_TEAM = GM2EX5ALF4;
				INFOPLIST_FILE = MBProgressHUDSwiftUITests/Info.plist;
				LD_RUNPATH_SEARCH_PATHS = "$(inherited) @executable_path/Frameworks @loader_path/Frameworks";
				PRODUCT_BUNDLE_IDENTIFIER = zhaohongya.MBProgressHUDSwiftUITests;
				PRODUCT_NAME = "$(TARGET_NAME)";
				SWIFT_VERSION = 4.0;
				TARGETED_DEVICE_FAMILY = "1,2";
				TEST_TARGET_NAME = MBProgressHUDSwift;
			};
			name = Release;
		};
/* End XCBuildConfiguration section */

/* Begin XCConfigurationList section */
		D67EFF431FE20EA50020DD77 /* Build configuration list for PBXProject "MBProgressHUDSwift" */ = {
			isa = XCConfigurationList;
			buildConfigurations = (
				D67EFF6E1FE20EA60020DD77 /* Debug */,
				D67EFF6F1FE20EA60020DD77 /* Release */,
			);
			defaultConfigurationIsVisible = 0;
			defaultConfigurationName = Release;
		};
		D67EFF701FE20EA60020DD77 /* Build configuration list for PBXNativeTarget "MBProgressHUDSwift" */ = {
			isa = XCConfigurationList;
			buildConfigurations = (
				D67EFF711FE20EA60020DD77 /* Debug */,
				D67EFF721FE20EA60020DD77 /* Release */,
			);
			defaultConfigurationIsVisible = 0;
			defaultConfigurationName = Release;
		};
		D67EFF731FE20EA60020DD77 /* Build configuration list for PBXNativeTarget "MBProgressHUDSwiftTests" */ = {
			isa = XCConfigurationList;
			buildConfigurations = (
				D67EFF741FE20EA60020DD77 /* Debug */,
				D67EFF751FE20EA60020DD77 /* Release */,
			);
			defaultConfigurationIsVisible = 0;
			defaultConfigurationName = Release;
		};
		D67EFF761FE20EA60020DD77 /* Build configuration list for PBXNativeTarget "MBProgressHUDSwiftUITests" */ = {
			isa = XCConfigurationList;
			buildConfigurations = (
				D67EFF771FE20EA60020DD77 /* Debug */,
				D67EFF781FE20EA60020DD77 /* Release */,
			);
			defaultConfigurationIsVisible = 0;
			defaultConfigurationName = Release;
		};
/* End XCConfigurationList section */
	};
	rootObject = D67EFF401FE20EA50020DD77 /* Project object */;
}
